
Microsoft Visual Studio Solution File, Format Version 12.00
# Visual Studio Version 16
VisualStudioVersion = 16.0.36227.6
MinimumVisualStudioVersion = 10.0.40219.1
Project("{FAE04EC0-301F-11D3-BF4B-00C04F79EFBC}") = "WhiteListing", "WhiteListing\WhiteListing.csproj", "{2433F375-894B-4668-9E36-2EE2BFE906A8}"
EndProject
Global
	GlobalSection(SolutionConfigurationPlatforms) = preSolution
		Debug|Any CPU = Debug|Any CPU
		Release|Any CPU = Release|Any CPU
	EndGlobalSection
	GlobalSection(ProjectConfigurationPlatforms) = postSolution
		{2433F375-894B-4668-9E36-2EE2BFE906A8}.Debug|Any CPU.ActiveCfg = Debug|Any CPU
		{2433F375-894B-4668-9E36-2EE2BFE906A8}.Debug|Any CPU.Build.0 = Debug|Any CPU
		{2433F375-894B-4668-9E36-2EE2BFE906A8}.Release|Any CPU.ActiveCfg = Release|Any CPU
		{2433F375-894B-4668-9E36-2EE2BFE906A8}.Release|Any CPU.Build.0 = Release|Any CPU
	EndGlobalSection
	GlobalSection(SolutionProperties) = preSolution
		HideSolutionNode = FALSE
	EndGlobalSection
	GlobalSection(ExtensibilityGlobals) = postSolution
		SolutionGuid = {5FC2BCB0-C2AB-4675-8EC8-E37AF8581808}
	EndGlobalSection
EndGlobal
